
Microsoft Visual Studio Solution File, Format Version 12.00
# Visual Studio Version 17
VisualStudioVersion = 17.14.37111.16 d17.14
MinimumVisualStudioVersion = 10.0.40219.1
Project("{FAE04EC0-301F-11D3-BF4B-00C04F79EFBC}") = "TaskManagerServer", "TaskManagerServer.csproj", "{730BCC69-29A9-4C78-8584-B5C89A4A6BAB}"
EndProject
Global
	GlobalSection(SolutionConfigurationPlatforms) = preSolution
		Debug|Any CPU = Debug|Any CPU
		Release|Any CPU = Release|Any CPU
	EndGlobalSection
	GlobalSection(ProjectConfigurationPlatforms) = postSolution
		{730BCC69-29A9-4C78-8584-B5C89A4A6BAB}.Debug|Any CPU.ActiveCfg = Debug|Any CPU
		{730BCC69-29A9-4C78-8584-B5C89A4A6BAB}.Debug|Any CPU.Build.0 = Debug|Any CPU
		{730BCC69-29A9-4C78-8584-B5C89A4A6BAB}.Release|Any CPU.ActiveCfg = Release|Any CPU
		{730BCC69-29A9-4C78-8584-B5C89A4A6BAB}.Release|Any CPU.Build.0 = Release|Any CPU
	EndGlobalSection
	GlobalSection(SolutionProperties) = preSolution
		HideSolutionNode = FALSE
	EndGlobalSection
	GlobalSection(ExtensibilityGlobals) = postSolution
		SolutionGuid = {D5EF013B-9EAF-4E9C-B1E0-489FE1185EE6}
	EndGlobalSection
EndGlobal
